// !$*UTF8*$!
{
	archiveVersion = 1;
	classes = {
	};
	objectVersion = 56;
	objects = {

/* Begin PBXBuildFile section */
		32046D852A58B16E005180A8 /* AppDelegate.swift in Sources */ = {isa = PBXBuildFile; fileRef = 32046D842A58B16E005180A8 /* AppDelegate.swift */; };
		32046D872A58B16E005180A8 /* SceneDelegate.swift in Sources */ = {isa = PBXBuildFile; fileRef = 32046D862A58B16E005180A8 /* SceneDelegate.swift */; };
		32046D892A58B16E005180A8 /* ViewController.swift in Sources */ = {isa = PBXBuildFile; fileRef = 32046D882A58B16E005180A8 /* ViewController.swift */; };
		32046D8C2A58B16E005180A8 /* Main.storyboard in Resources */ = {isa = PBXBuildFile; fileRef = 32046D8A2A58B16E005180A8 /* Main.storyboard */; };
		32046D8E2A58B171005180A8 /* Assets.xcassets in Resources */ = {isa = PBXBuildFile; fileRef = 32046D8D2A58B171005180A8 /* Assets.xcassets */; };
		32046D912A58B171005180A8 /* LaunchScreen.storyboard in Resources */ = {isa = PBXBuildFile; fileRef = 32046D8F2A58B171005180A8 /* LaunchScreen.storyboard */; };
		32046D9C2A58B171005180A8 /* InfiniteScrollingWithUIViewControllerAndSwiftUITests.swift in Sources */ = {isa = PBXBuildFile; fileRef = 32046D9B2A58B171005180A8 /* InfiniteScrollingWithUIViewControllerAndSwiftUITests.swift */; };
		32046DA62A58B172005180A8 /* InfiniteScrollingWithUIViewControllerAndSwiftUIUITests.swift in Sources */ = {isa = PBXBuildFile; fileRef = 32046DA52A58B172005180A8 /* InfiniteScrollingWithUIViewControllerAndSwiftUIUITests.swift */; };
		32046DA82A58B172005180A8 /* InfiniteScrollingWithUIViewControllerAndSwiftUIUITestsLaunchTests.swift in Sources */ = {isa = PBXBuildFile; fileRef = 32046DA72A58B172005180A8 /* InfiniteScrollingWithUIViewControllerAndSwiftUIUITestsLaunchTests.swift */; };
/* End PBXBuildFile section */

/* Begin PBXContainerItemProxy section */
		32046D982A58B171005180A8 /* PBXContainerItemProxy */ = {
			isa = PBXContainerItemProxy;
			containerPortal = 32046D792A58B16E005180A8 /* Project object */;
			proxyType = 1;
			remoteGlobalIDString = 32046D802A58B16E005180A8;
			remoteInfo = InfiniteScrollingWithUIViewControllerAndSwiftUI;
		};
		32046DA22A58B172005180A8 /* PBXContainerItemProxy */ = {
			isa = PBXContainerItemProxy;
			containerPortal = 32046D792A58B16E005180A8 /* Project object */;
			proxyType = 1;
			remoteGlobalIDString = 32046D802A58B16E005180A8;
			remoteInfo = InfiniteScrollingWithUIViewControllerAndSwiftUI;
		};
/* End PBXContainerItemProxy section */

/* Begin PBXFileReference section */
		32046D812A58B16E005180A8 /* InfiniteScrollingWithUIViewControllerAndSwiftUI.app */ = {isa = PBXFileReference; explicitFileType = wrapper.application; includeInIndex = 0; path = InfiniteScrollingWithUIViewControllerAndSwiftUI.app; sourceTree = BUILT_PRODUCTS_DIR; };
		32046D842A58B16E005180A8 /* AppDelegate.swift */ = {isa = PBXFileReference; lastKnownFileType = sourcecode.swift; path = AppDelegate.swift; sourceTree = "<group>"; };
		32046D862A58B16E005180A8 /* SceneDelegate.swift */ = {isa = PBXFileReference; lastKnownFileType = sourcecode.swift; path = SceneDelegate.swift; sourceTree = "<group>"; };
		32046D882A58B16E005180A8 /* ViewController.swift */ = {isa = PBXFileReference; lastKnownFileType = sourcecode.swift; path = ViewController.swift; sourceTree = "<group>"; };
		32046D8B2A58B16E005180A8 /* Base */ = {isa = PBXFileReference; lastKnownFileType = file.storyboard; name = Base; path = Base.lproj/Main.storyboard; sourceTree = "<group>"; };
		32046D8D2A58B171005180A8 /* Assets.xcassets */ = {isa = PBXFileReference; lastKnownFileType = folder.assetcatalog; path = Assets.xcassets; sourceTree = "<group>"; };
		32046D902A58B171005180A8 /* Base */ = {isa = PBXFileReference; lastKnownFileType = file.storyboard; name = Base; path = Base.lproj/LaunchScreen.storyboard; sourceTree = "<group>"; };
		32046D922A58B171005180A8 /* Info.plist */ = {isa = PBXFileReference; lastKnownFileType = text.plist.xml; path = Info.plist; sourceTree = "<group>"; };
		32046D972A58B171005180A8 /* InfiniteScrollingWithUIViewControllerAndSwiftUITests.xctest */ = {isa = PBXFileReference; explicitFileType = wrapper.cfbundle; includeInIndex = 0; path = InfiniteScrollingWithUIViewControllerAndSwiftUITests.xctest; sourceTree = BUILT_PRODUCTS_DIR; };
		32046D9B2A58B171005180A8 /* InfiniteScrollingWithUIViewControllerAndSwiftUITests.swift */ = {isa = PBXFileReference; lastKnownFileType = sourcecode.swift; path = InfiniteScrollingWithUIViewControllerAndSwiftUITests.swift; sourceTree = "<group>"; };
		32046DA12A58B172005180A8 /* InfiniteScrollingWithUIViewControllerAndSwiftUIUITests.xctest */ = {isa = PBXFileReference; explicitFileType = wrapper.cfbundle; includeInIndex = 0; path = InfiniteScrollingWithUIViewControllerAndSwiftUIUITests.xctest; sourceTree = BUILT_PRODUCTS_DIR; };
		32046DA52A58B172005180A8 /* InfiniteScrollingWithUIViewControllerAndSwiftUIUITests.swift */ = {isa = PBXFileReference; lastKnownFileType = sourcecode.swift; path = InfiniteScrollingWithUIViewControllerAndSwiftUIUITests.swift; sourceTree = "<group>"; };
		32046DA72A58B172005180A8 /* InfiniteScrollingWithUIViewControllerAndSwiftUIUITestsLaunchTests.swift */ = {isa = PBXFileReference; lastKnownFileType = sourcecode.swift; path = InfiniteScrollingWithUIViewControllerAndSwiftUIUITestsLaunchTests.swift; sourceTree = "<group>"; };
/* End PBXFileReference section */

/* Begin PBXFrameworksBuildPhase section */
		32046D7E2A58B16E005180A8 /* Frameworks */ = {
			isa = PBXFrameworksBuildPhase;
			buildActionMask = 2147483647;
			files = (
			);
			runOnlyForDeploymentPostprocessing = 0;
		};
		32046D942A58B171005180A8 /* Frameworks */ = {
			isa = PBXFrameworksBuildPhase;
			buildActionMask = 2147483647;
			files = (
			);
			runOnlyForDeploymentPostprocessing = 0;
		};
		32046D9E2A58B172005180A8 /* Frameworks */ = {
			isa = PBXFrameworksBuildPhase;
			buildActionMask = 2147483647;
			files = (
			);
			runOnlyForDeploymentPostprocessing = 0;
		};
/* End PBXFrameworksBuildPhase section */

/* Begin PBXGroup section */
		32046D782A58B16E005180A8 = {
			isa = PBXGroup;
			children = (
				32046D832A58B16E005180A8 /* InfiniteScrollingWithUIViewControllerAndSwiftUI */,
				32046D9A2A58B171005180A8 /* InfiniteScrollingWithUIViewControllerAndSwiftUITests */,
				32046DA42A58B172005180A8 /* InfiniteScrollingWithUIViewControllerAndSwiftUIUITests */,
				32046D822A58B16E005180A8 /* Products */,
			);
			sourceTree = "<group>";
		};
		32046D822A58B16E005180A8 /* Products */ = {
			isa = PBXGroup;
			children = (
				32046D812A58B16E005180A8 /* InfiniteScrollingWithUIViewControllerAndSwiftUI.app */,
				32046D972A58B171005180A8 /* InfiniteScrollingWithUIViewControllerAndSwiftUITests.xctest */,
				32046DA12A58B172005180A8 /* InfiniteScrollingWithUIViewControllerAndSwiftUIUITests.xctest */,
			);
			name = Products;
			sourceTree = "<group>";
		};
		32046D832A58B16E005180A8 /* InfiniteScrollingWithUIViewControllerAndSwiftUI */ = {
			isa = PBXGroup;
			children = (
				32046D842A58B16E005180A8 /* AppDelegate.swift */,
				32046D862A58B16E005180A8 /* SceneDelegate.swift */,
				32046D882A58B16E005180A8 /* ViewController.swift */,
				32046D8A2A58B16E005180A8 /* Main.storyboard */,
				32046D8D2A58B171005180A8 /* Assets.xcassets */,
				32046D8F2A58B171005180A8 /* LaunchScreen.storyboard */,
				32046D922A58B171005180A8 /* Info.plist */,
			);
			path = InfiniteScrollingWithUIViewControllerAndSwiftUI;
			sourceTree = "<group>";
		};
		32046D9A2A58B171005180A8 /* InfiniteScrollingWithUIViewControllerAndSwiftUITests */ = {
			isa = PBXGroup;
			children = (
				32046D9B2A58B171005180A8 /* InfiniteScrollingWithUIViewControllerAndSwiftUITests.swift */,
			);
			path = InfiniteScrollingWithUIViewControllerAndSwiftUITests;
			sourceTree = "<group>";
		};
		32046DA42A58B172005180A8 /* InfiniteScrollingWithUIViewControllerAndSwiftUIUITests */ = {
			isa = PBXGroup;
			children = (
				32046DA52A58B172005180A8 /* InfiniteScrollingWithUIViewControllerAndSwiftUIUITests.swift */,
				32046DA72A58B172005180A8 /* InfiniteScrollingWithUIViewControllerAndSwiftUIUITestsLaunchTests.swift */,
			);
			path = InfiniteScrollingWithUIViewControllerAndSwiftUIUITests;
			sourceTree = "<group>";
		};
/* End PBXGroup section */

/* Begin PBXNativeTarget section */
		32046D802A58B16E005180A8 /* InfiniteScrollingWithUIViewControllerAndSwiftUI */ = {
			isa = PBXNativeTarget;
			buildConfigurationList = 32046DAB2A58B172005180A8 /* Build configuration list for PBXNativeTarget "InfiniteScrollingWithUIViewControllerAndSwiftUI" */;
			buildPhases = (
				32046D7D2A58B16E005180A8 /* Sources */,
				32046D7E2A58B16E005180A8 /* Frameworks */,
				32046D7F2A58B16E005180A8 /* Resources */,
			);
			buildRules = (
			);
			dependencies = (
			);
			name = InfiniteScrollingWithUIViewControllerAndSwiftUI;
			productName = InfiniteScrollingWithUIViewControllerAndSwiftUI;
			productReference = 32046D812A58B16E005180A8 /* InfiniteScrollingWithUIViewControllerAndSwiftUI.app */;
			productType = "com.apple.product-type.application";
		};
		32046D962A58B171005180A8 /* InfiniteScrollingWithUIViewControllerAndSwiftUITests */ = {
			isa = PBXNativeTarget;
			buildConfigurationList = 32046DAE2A58B172005180A8 /* Build configuration list for PBXNativeTarget "InfiniteScrollingWithUIViewControllerAndSwiftUITests" */;
			buildPhases = (
				32046D932A58B171005180A8 /* Sources */,
				32046D942A58B171005180A8 /* Frameworks */,
				32046D952A58B171005180A8 /* Resources */,
			);
			buildRules = (
			);
			dependencies = (
				32046D992A58B171005180A8 /* PBXTargetDependency */,
			);
			name = InfiniteScrollingWithUIViewControllerAndSwiftUITests;
			productName = InfiniteScrollingWithUIViewControllerAndSwiftUITests;
			productReference = 32046D972A58B171005180A8 /* InfiniteScrollingWithUIViewControllerAndSwiftUITests.xctest */;
			productType = "com.apple.product-type.bundle.unit-test";
		};
		32046DA02A58B172005180A8 /* InfiniteScrollingWithUIViewControllerAndSwiftUIUITests */ = {
			isa = PBXNativeTarget;
			buildConfigurationList = 32046DB12A58B172005180A8 /* Build configuration list for PBXNativeTarget "InfiniteScrollingWithUIViewControllerAndSwiftUIUITests" */;
			buildPhases = (
				32046D9D2A58B172005180A8 /* Sources */,
				32046D9E2A58B172005180A8 /* Frameworks */,
				32046D9F2A58B172005180A8 /* Resources */,
			);
			buildRules = (
			);
			dependencies = (
				32046DA32A58B172005180A8 /* PBXTargetDependency */,
			);
			name = InfiniteScrollingWithUIViewControllerAndSwiftUIUITests;
			productName = InfiniteScrollingWithUIViewControllerAndSwiftUIUITests;
			productReference = 32046DA12A58B172005180A8 /* InfiniteScrollingWithUIViewControllerAndSwiftUIUITests.xctest */;
			productType = "com.apple.product-type.bundle.ui-testing";
		};
/* End PBXNativeTarget section */

/* Begin PBXProject section */
		32046D792A58B16E005180A8 /* Project object */ = {
			isa = PBXProject;
			attributes = {
				BuildIndependentTargetsInParallel = 1;
				LastSwiftUpdateCheck = 1430;
				LastUpgradeCheck = 1430;
				TargetAttributes = {
					32046D802A58B16E005180A8 = {
						CreatedOnToolsVersion = 14.3;
					};
					32046D962A58B171005180A8 = {
						CreatedOnToolsVersion = 14.3;
						TestTargetID = 32046D802A58B16E005180A8;
					};
					32046DA02A58B172005180A8 = {
						CreatedOnToolsVersion = 14.3;
						TestTargetID = 32046D802A58B16E005180A8;
					};
				};
			};
			buildConfigurationList = 32046D7C2A58B16E005180A8 /* Build configuration list for PBXProject "InfiniteScrollingWithUIViewControllerAndSwiftUI" */;
			compatibilityVersion = "Xcode 14.0";
			developmentRegion = en;
			hasScannedForEncodings = 0;
			knownRegions = (
				en,
				Base,
			);
			mainGroup = 32046D782A58B16E005180A8;
			productRefGroup = 32046D822A58B16E005180A8 /* Products */;
			projectDirPath = "";
			projectRoot = "";
			targets = (
				32046D802A58B16E005180A8 /* InfiniteScrollingWithUIViewControllerAndSwiftUI */,
				32046D962A58B171005180A8 /* InfiniteScrollingWithUIViewControllerAndSwiftUITests */,
				32046DA02A58B172005180A8 /* InfiniteScrollingWithUIViewControllerAndSwiftUIUITests */,
			);
		};
/* End PBXProject section */

/* Begin PBXResourcesBuildPhase section */
		32046D7F2A58B16E005180A8 /* Resources */ = {
			isa = PBXResourcesBuildPhase;
			buildActionMask = 2147483647;
			files = (
				32046D912A58B171005180A8 /* LaunchScreen.storyboard in Resources */,
				32046D8E2A58B171005180A8 /* Assets.xcassets in Resources */,
				32046D8C2A58B16E005180A8 /* Main.storyboard in Resources */,
			);
			runOnlyForDeploymentPostprocessing = 0;
		};
		32046D952A58B171005180A8 /* Resources */ = {
			isa = PBXResourcesBuildPhase;
			buildActionMask = 2147483647;
			files = (
			);
			runOnlyForDeploymentPostprocessing = 0;
		};
		32046D9F2A58B172005180A8 /* Resources */ = {
			isa = PBXResourcesBuildPhase;
			buildActionMask = 2147483647;
			files = (
			);
			runOnlyForDeploymentPostprocessing = 0;
		};
/* End PBXResourcesBuildPhase section */

/* Begin PBXSourcesBuildPhase section */
		32046D7D2A58B16E005180A8 /* Sources */ = {
			isa = PBXSourcesBuildPhase;
			buildActionMask = 2147483647;
			files = (
				32046D892A58B16E005180A8 /* ViewController.swift in Sources */,
				32046D852A58B16E005180A8 /* AppDelegate.swift in Sources */,
				32046D872A58B16E005180A8 /* SceneDelegate.swift in Sources */,
			);
			runOnlyForDeploymentPostprocessing = 0;
		};
		32046D932A58B171005180A8 /* Sources */ = {
			isa = PBXSourcesBuildPhase;
			buildActionMask = 2147483647;
			files = (
				32046D9C2A58B171005180A8 /* InfiniteScrollingWithUIViewControllerAndSwiftUITests.swift in Sources */,
			);
			runOnlyForDeploymentPostprocessing = 0;
		};
		32046D9D2A58B172005180A8 /* Sources */ = {
			isa = PBXSourcesBuildPhase;
			buildActionMask = 2147483647;
			files = (
				32046DA62A58B172005180A8 /* InfiniteScrollingWithUIViewControllerAndSwiftUIUITests.swift in Sources */,
				32046DA82A58B172005180A8 /* InfiniteScrollingWithUIViewControllerAndSwiftUIUITestsLaunchTests.swift in Sources */,
			);
			runOnlyForDeploymentPostprocessing = 0;
		};
/* End PBXSourcesBuildPhase section */

/* Begin PBXTargetDependency section */
		32046D992A58B171005180A8 /* PBXTargetDependency */ = {
			isa = PBXTargetDependency;
			target = 32046D802A58B16E005180A8 /* InfiniteScrollingWithUIViewControllerAndSwiftUI */;
			targetProxy = 32046D982A58B171005180A8 /* PBXContainerItemProxy */;
		};
		32046DA32A58B172005180A8 /* PBXTargetDependency */ = {
			isa = PBXTargetDependency;
			target = 32046D802A58B16E005180A8 /* InfiniteScrollingWithUIViewControllerAndSwiftUI */;
			targetProxy = 32046DA22A58B172005180A8 /* PBXContainerItemProxy */;
		};
/* End PBXTargetDependency section */

/* Begin PBXVariantGroup section */
		32046D8A2A58B16E005180A8 /* Main.storyboard */ = {
			isa = PBXVariantGroup;
			children = (
				32046D8B2A58B16E005180A8 /* Base */,
			);
			name = Main.storyboard;
			sourceTree = "<group>";
		};
		32046D8F2A58B171005180A8 /* LaunchScreen.storyboard */ = {
			isa = PBXVariantGroup;
			children = (
				32046D902A58B171005180A8 /* Base */,
			);
			name = LaunchScreen.storyboard;
			sourceTree = "<group>";
		};
/* End PBXVariantGroup section */

/* Begin XCBuildConfiguration section */
		32046DA92A58B172005180A8 /* Debug */ = {
			isa = XCBuildConfiguration;
			buildSettings = {
				ALWAYS_SEARCH_USER_PATHS = NO;
				CLANG_ANALYZER_NONNULL = YES;
				CLANG_ANALYZER_NUMBER_OBJECT_CONVERSION = YES_AGGRESSIVE;
				CLANG_CXX_LANGUAGE_STANDARD = "gnu++20";
				CLANG_ENABLE_MODULES = YES;
				CLANG_ENABLE_OBJC_ARC = YES;
				CLANG_ENABLE_OBJC_WEAK = YES;
				CLANG_WARN_BLOCK_CAPTURE_AUTORELEASING = YES;
				CLANG_WARN_BOOL_CONVERSION = YES;
				CLANG_WARN_COMMA = YES;
				CLANG_WARN_CONSTANT_CONVERSION = YES;
				CLANG_WARN_DEPRECATED_OBJC_IMPLEMENTATIONS = YES;
				CLANG_WARN_DIRECT_OBJC_ISA_USAGE = YES_ERROR;
				CLANG_WARN_DOCUMENTATION_COMMENTS = YES;
				CLANG_WARN_EMPTY_BODY = YES;
				CLANG_WARN_ENUM_CONVERSION = YES;
				CLANG_WARN_INFINITE_RECURSION = YES;
				CLANG_WARN_INT_CONVERSION = YES;
				CLANG_WARN_NON_LITERAL_NULL_CONVERSION = YES;
				CLANG_WARN_OBJC_IMPLICIT_RETAIN_SELF = YES;
				CLANG_WARN_OBJC_LITERAL_CONVERSION = YES;
				CLANG_WARN_OBJC_ROOT_CLASS = YES_ERROR;
				CLANG_WARN_QUOTED_INCLUDE_IN_FRAMEWORK_HEADER = YES;
				CLANG_WARN_RANGE_LOOP_ANALYSIS = YES;
				CLANG_WARN_STRICT_PROTOTYPES = YES;
				CLANG_WARN_SUSPICIOUS_MOVE = YES;
				CLANG_WARN_UNGUARDED_AVAILABILITY = YES_AGGRESSIVE;
				CLANG_WARN_UNREACHABLE_CODE = YES;
				CLANG_WARN__DUPLICATE_METHOD_MATCH = YES;
				COPY_PHASE_STRIP = NO;
				DEBUG_INFORMATION_FORMAT = dwarf;
				ENABLE_STRICT_OBJC_MSGSEND = YES;
				ENABLE_TESTABILITY = YES;
				GCC_C_LANGUAGE_STANDARD = gnu11;
				GCC_DYNAMIC_NO_PIC = NO;
				GCC_NO_COMMON_BLOCKS = YES;
				GCC_OPTIMIZATION_LEVEL = 0;
				GCC_PREPROCESSOR_DEFINITIONS = (
					"DEBUG=1",
					"$(inherited)",
				);
				GCC_WARN_64_TO_32_BIT_CONVERSION = YES;
				GCC_WARN_ABOUT_RETURN_TYPE = YES_ERROR;
				GCC_WARN_UNDECLARED_SELECTOR = YES;
				GCC_WARN_UNINITIALIZED_AUTOS = YES_AGGRESSIVE;
				GCC_WARN_UNUSED_FUNCTION = YES;
				GCC_WARN_UNUSED_VARIABLE = YES;
				IPHONEOS_DEPLOYMENT_TARGET = 16.4;
				MTL_ENABLE_DEBUG_INFO = INCLUDE_SOURCE;
				MTL_FAST_MATH = YES;
				ONLY_ACTIVE_ARCH = YES;
				SDKROOT = iphoneos;
				SWIFT_ACTIVE_COMPILATION_CONDITIONS = DEBUG;
				SWIFT_OPTIMIZATION_LEVEL = "-Onone";
			};
			name = Debug;
		};
		32046DAA2A58B172005180A8 /* Release */ = {
			isa = XCBuildConfiguration;
			buildSettings = {
				ALWAYS_SEARCH_USER_PATHS = NO;
				CLANG_ANALYZER_NONNULL = YES;
				CLANG_ANALYZER_NUMBER_OBJECT_CONVERSION = YES_AGGRESSIVE;
				CLANG_CXX_LANGUAGE_STANDARD = "gnu++20";
				CLANG_ENABLE_MODULES = YES;
				CLANG_ENABLE_OBJC_ARC = YES;
				CLANG_ENABLE_OBJC_WEAK = YES;
				CLANG_WARN_BLOCK_CAPTURE_AUTORELEASING = YES;
				CLANG_WARN_BOOL_CONVERSION = YES;
				CLANG_WARN_COMMA = YES;
				CLANG_WARN_CONSTANT_CONVERSION = YES;
				CLANG_WARN_DEPRECATED_OBJC_IMPLEMENTATIONS = YES;
				CLANG_WARN_DIRECT_OBJC_ISA_USAGE = YES_ERROR;
				CLANG_WARN_DOCUMENTATION_COMMENTS = YES;
				CLANG_WARN_EMPTY_BODY = YES;
				CLANG_WARN_ENUM_CONVERSION = YES;
				CLANG_WARN_INFINITE_RECURSION = YES;
				CLANG_WARN_INT_CONVERSION = YES;
				CLANG_WARN_NON_LITERAL_NULL_CONVERSION = YES;
				CLANG_WARN_OBJC_IMPLICIT_RETAIN_SELF = YES;
				CLANG_WARN_OBJC_LITERAL_CONVERSION = YES;
				CLANG_WARN_OBJC_ROOT_CLASS = YES_ERROR;
				CLANG_WARN_QUOTED_INCLUDE_IN_FRAMEWORK_HEADER = YES;
				CLANG_WARN_RANGE_LOOP_ANALYSIS = YES;
				CLANG_WARN_STRICT_PROTOTYPES = YES;
				CLANG_WARN_SUSPICIOUS_MOVE = YES;
				CLANG_WARN_UNGUARDED_AVAILABILITY = YES_AGGRESSIVE;
				CLANG_WARN_UNREACHABLE_CODE = YES;
				CLANG_WARN__DUPLICATE_METHOD_MATCH = YES;
				COPY_PHASE_STRIP = NO;
				DEBUG_INFORMATION_FORMAT = "dwarf-with-dsym";
				ENABLE_NS_ASSERTIONS = NO;
				ENABLE_STRICT_OBJC_MSGSEND = YES;
				GCC_C_LANGUAGE_STANDARD = gnu11;
				GCC_NO_COMMON_BLOCKS = YES;
				GCC_WARN_64_TO_32_BIT_CONVERSION = YES;
				GCC_WARN_ABOUT_RETURN_TYPE = YES_ERROR;
				GCC_WARN_UNDECLARED_SELECTOR = YES;
				GCC_WARN_UNINITIALIZED_AUTOS = YES_AGGRESSIVE;
				GCC_WARN_UNUSED_FUNCTION = YES;
				GCC_WARN_UNUSED_VARIABLE = YES;
				IPHONEOS_DEPLOYMENT_TARGET = 16.4;
				MTL_ENABLE_DEBUG_INFO = NO;
				MTL_FAST_MATH = YES;
				SDKROOT = iphoneos;
				SWIFT_COMPILATION_MODE = wholemodule;
				SWIFT_OPTIMIZATION_LEVEL = "-O";
				VALIDATE_PRODUCT = YES;
			};
			name = Release;
		};
		32046DAC2A58B172005180A8 /* Debug */ = {
			isa = XCBuildConfiguration;
			buildSettings = {
				ASSETCATALOG_COMPILER_APPICON_NAME = AppIcon;
				ASSETCATALOG_COMPILER_GLOBAL_ACCENT_COLOR_NAME = AccentColor;
				CODE_SIGN_STYLE = Automatic;
				CURRENT_PROJECT_VERSION = 1;
				DEVELOPMENT_TEAM = 5UZJU8ATXS;
				GENERATE_INFOPLIST_FILE = YES;
				INFOPLIST_FILE = InfiniteScrollingWithUIViewControllerAndSwiftUI/Info.plist;
				INFOPLIST_KEY_UIApplicationSupportsIndirectInputEvents = YES;
				INFOPLIST_KEY_UILaunchStoryboardName = LaunchScreen;
				INFOPLIST_KEY_UIMainStoryboardFile = Main;
				INFOPLIST_KEY_UISupportedInterfaceOrientations_iPad = "UIInterfaceOrientationPortrait UIInterfaceOrientationPortraitUpsideDown UIInterfaceOrientationLandscapeLeft UIInterfaceOrientationLandscapeRight";
				INFOPLIST_KEY_UISupportedInterfaceOrientations_iPhone = "UIInterfaceOrientationPortrait UIInterfaceOrientationLandscapeLeft UIInterfaceOrientationLandscapeRight";
				LD_RUNPATH_SEARCH_PATHS = (
					"$(inherited)",
					"@executable_path/Frameworks",
				);
				MARKETING_VERSION = 1.0;
				PRODUCT_BUNDLE_IDENTIFIER = com.namaswi.InfiniteScrollingWithUIViewControllerAndSwiftUI;
				PRODUCT_NAME = "$(TARGET_NAME)";
				SWIFT_EMIT_LOC_STRINGS = YES;
				SWIFT_VERSION = 5.0;
				TARGETED_DEVICE_FAMILY = "1,2";
			};
			name = Debug;
		};
		32046DAD2A58B172005180A8 /* Release */ = {
			isa = XCBuildConfiguration;
			buildSettings = {
				ASSETCATALOG_COMPILER_APPICON_NAME = AppIcon;
				ASSETCATALOG_COMPILER_GLOBAL_ACCENT_COLOR_NAME = AccentColor;
				CODE_SIGN_STYLE = Automatic;
				CURRENT_PROJECT_VERSION = 1;
				DEVELOPMENT_TEAM = 5UZJU8ATXS;
				GENERATE_INFOPLIST_FILE = YES;
				INFOPLIST_FILE = InfiniteScrollingWithUIViewControllerAndSwiftUI/Info.plist;
				INFOPLIST_KEY_UIApplicationSupportsIndirectInputEvents = YES;
				INFOPLIST_KEY_UILaunchStoryboardName = LaunchScreen;
				INFOPLIST_KEY_UIMainStoryboardFile = Main;
				INFOPLIST_KEY_UISupportedInterfaceOrientations_iPad = "UIInterfaceOrientationPortrait UIInterfaceOrientationPortraitUpsideDown UIInterfaceOrientationLandscapeLeft UIInterfaceOrientationLandscapeRight";
				INFOPLIST_KEY_UISupportedInterfaceOrientations_iPhone = "UIInterfaceOrientationPortrait UIInterfaceOrientationLandscapeLeft UIInterfaceOrientationLandscapeRight";
				LD_RUNPATH_SEARCH_PATHS = (
					"$(inherited)",
					"@executable_path/Frameworks",
				);
				MARKETING_VERSION = 1.0;
				PRODUCT_BUNDLE_IDENTIFIER = com.namaswi.InfiniteScrollingWithUIViewControllerAndSwiftUI;
				PRODUCT_NAME = "$(TARGET_NAME)";
				SWIFT_EMIT_LOC_STRINGS = YES;
				SWIFT_VERSION = 5.0;
				TARGETED_DEVICE_FAMILY = "1,2";
			};
			name = Release;
		};
		32046DAF2A58B172005180A8 /* Debug */ = {
			isa = XCBuildConfiguration;
			buildSettings = {
				ALWAYS_EMBED_SWIFT_STANDARD_LIBRARIES = YES;
				BUNDLE_LOADER = "$(TEST_HOST)";
				CODE_SIGN_STYLE = Automatic;
				CURRENT_PROJECT_VERSION = 1;
				DEVELOPMENT_TEAM = 5UZJU8ATXS;
				GENERATE_INFOPLIST_FILE = YES;
				IPHONEOS_DEPLOYMENT_TARGET = 16.4;
				MARKETING_VERSION = 1.0;
				PRODUCT_BUNDLE_IDENTIFIER = com.namaswi.InfiniteScrollingWithUIViewControllerAndSwiftUITests;
				PRODUCT_NAME = "$(TARGET_NAME)";
				SWIFT_EMIT_LOC_STRINGS = NO;
				SWIFT_VERSION = 5.0;
				TARGETED_DEVICE_FAMILY = "1,2";
				TEST_HOST = "$(BUILT_PRODUCTS_DIR)/InfiniteScrollingWithUIViewControllerAndSwiftUI.app/$(BUNDLE_EXECUTABLE_FOLDER_PATH)/InfiniteScrollingWithUIViewControllerAndSwiftUI";
			};
			name = Debug;
		};
		32046DB02A58B172005180A8 /* Release */ = {
			isa = XCBuildConfiguration;
			buildSettings = {
				ALWAYS_EMBED_SWIFT_STANDARD_LIBRARIES = YES;
				BUNDLE_LOADER = "$(TEST_HOST)";
				CODE_SIGN_STYLE = Automatic;
				CURRENT_PROJECT_VERSION = 1;
				DEVELOPMENT_TEAM = 5UZJU8ATXS;
				GENERATE_INFOPLIST_FILE = YES;
				IPHONEOS_DEPLOYMENT_TARGET = 16.4;
				MARKETING_VERSION = 1.0;
				PRODUCT_BUNDLE_IDENTIFIER = com.namaswi.InfiniteScrollingWithUIViewControllerAndSwiftUITests;
				PRODUCT_NAME = "$(TARGET_NAME)";
				SWIFT_EMIT_LOC_STRINGS = NO;
				SWIFT_VERSION = 5.0;
				TARGETED_DEVICE_FAMILY = "1,2";
				TEST_HOST = "$(BUILT_PRODUCTS_DIR)/InfiniteScrollingWithUIViewControllerAndSwiftUI.app/$(BUNDLE_EXECUTABLE_FOLDER_PATH)/InfiniteScrollingWithUIViewControllerAndSwiftUI";
			};
			name = Release;
		};
		32046DB22A58B172005180A8 /* Debug */ = {
			isa = XCBuildConfiguration;
			buildSettings = {
				ALWAYS_EMBED_SWIFT_STANDARD_LIBRARIES = YES;
				CODE_SIGN_STYLE = Automatic;
				CURRENT_PROJECT_VERSION = 1;
				DEVELOPMENT_TEAM = 5UZJU8ATXS;
				GENERATE_INFOPLIST_FILE = YES;
				MARKETING_VERSION = 1.0;
				PRODUCT_BUNDLE_IDENTIFIER = com.namaswi.InfiniteScrollingWithUIViewControllerAndSwiftUIUITests;
				PRODUCT_NAME = "$(TARGET_NAME)";
				SWIFT_EMIT_LOC_STRINGS = NO;
				SWIFT_VERSION = 5.0;
				TARGETED_DEVICE_FAMILY = "1,2";
				TEST_TARGET_NAME = InfiniteScrollingWithUIViewControllerAndSwiftUI;
			};
			name = Debug;
		};
		32046DB32A58B172005180A8 /* Release */ = {
			isa = XCBuildConfiguration;
			buildSettings = {
				ALWAYS_EMBED_SWIFT_STANDARD_LIBRARIES = YES;
				CODE_SIGN_STYLE = Automatic;
				CURRENT_PROJECT_VERSION = 1;
				DEVELOPMENT_TEAM = 5UZJU8ATXS;
				GENERATE_INFOPLIST_FILE = YES;
				MARKETING_VERSION = 1.0;
				PRODUCT_BUNDLE_IDENTIFIER = com.namaswi.InfiniteScrollingWithUIViewControllerAndSwiftUIUITests;
				PRODUCT_NAME = "$(TARGET_NAME)";
				SWIFT_EMIT_LOC_STRINGS = NO;
				SWIFT_VERSION = 5.0;
				TARGETED_DEVICE_FAMILY = "1,2";
				TEST_TARGET_NAME = InfiniteScrollingWithUIViewControllerAndSwiftUI;
			};
			name = Release;
		};
/* End XCBuildConfiguration section */

/* Begin XCConfigurationList section */
		32046D7C2A58B16E005180A8 /* Build configuration list for PBXProject "InfiniteScrollingWithUIViewControllerAndSwiftUI" */ = {
			isa = XCConfigurationList;
			buildConfigurations = (
				32046DA92A58B172005180A8 /* Debug */,
				32046DAA2A58B172005180A8 /* Release */,
			);
			defaultConfigurationIsVisible = 0;
			defaultConfigurationName = Release;
		};
		32046DAB2A58B172005180A8 /* Build configuration list for PBXNativeTarget "InfiniteScrollingWithUIViewControllerAndSwiftUI" */ = {
			isa = XCConfigurationList;
			buildConfigurations = (
				32046DAC2A58B172005180A8 /* Debug */,
				32046DAD2A58B172005180A8 /* Release */,
			);
			defaultConfigurationIsVisible = 0;
			defaultConfigurationName = Release;
		};
		32046DAE2A58B172005180A8 /* Build configuration list for PBXNativeTarget "InfiniteScrollingWithUIViewControllerAndSwiftUITests" */ = {
			isa = XCConfigurationList;
			buildConfigurations = (
				32046DAF2A58B172005180A8 /* Debug */,
				32046DB02A58B172005180A8 /* Release */,
			);
			defaultConfigurationIsVisible = 0;
			defaultConfigurationName = Release;
		};
		32046DB12A58B172005180A8 /* Build configuration list for PBXNativeTarget "InfiniteScrollingWithUIViewControllerAndSwiftUIUITests" */ = {
			isa = XCConfigurationList;
			buildConfigurations = (
				32046DB22A58B172005180A8 /* Debug */,
				32046DB32A58B172005180A8 /* Release */,
			);
			defaultConfigurationIsVisible = 0;
			defaultConfigurationName = Release;
		};
/* End XCConfigurationList section */
	};
	rootObject = 32046D792A58B16E005180A8 /* Project object */;
}
